
Microsoft Visual Studio Solution File, Format Version 12.00
# Visual Studio Version 16
VisualStudioVersion = 16.0.29123.89
MinimumVisualStudioVersion = 10.0.40219.1
Project("{9A19103F-16F7-4668-BE54-9A1E7A4F7556}") = "Rental.WPF", "Rental.WPF\Rental.WPF.csproj", "{C9A7B4B7-EFA3-4D71-A196-D19B20EF0C92}"
EndProject
Project("{9A19103F-16F7-4668-BE54-9A1E7A4F7556}") = "Rental.Core", "Rental.Core\Rental.Core.csproj", "{14D1A0EE-3EF6-4226-8B2B-40A219ED1D06}"
EndProject
Project("{9A19103F-16F7-4668-BE54-9A1E7A4F7556}") = "Rental.DataAccess", "Rental.DataAccess\Rental.DataAccess.csproj", "{6959C936-DF0C-4267-B7CF-9352695761D0}"
EndProject
Project("{9A19103F-16F7-4668-BE54-9A1E7A4F7556}") = "Rental.WebApi", "Rental.WebApi\Rental.WebApi.csproj", "{019AA7BD-7578-47D6-BC98-AFD1E3B53AF9}"
EndProject
Project("{2150E333-8FDC-42A3-9474-1A3956D46DE8}") = "tests", "tests", "{53B68C94-BAC8-4F33-8936-0B1EF6ED677F}"
EndProject
Project("{9A19103F-16F7-4668-BE54-9A1E7A4F7556}") = "Rental.DataAccess.Tests", "Rental.DataAccess.Tests\Rental.DataAccess.Tests.csproj", "{4DC65A84-6A16-4CDA-8925-1146D0E97F24}"
EndProject
Project("{9A19103F-16F7-4668-BE54-9A1E7A4F7556}") = "Rental.CQRS", "Rental.CQRS\Rental.CQRS.csproj", "{7A0F889B-00D5-4F6F-BFBD-D8EA0F7207FE}"
EndProject
Project("{2150E333-8FDC-42A3-9474-1A3956D46DE8}") = "common", "common", "{E8024DBB-5DCF-43EB-92E5-257A157BF2F1}"
EndProject
Project("{FAE04EC0-301F-11D3-BF4B-00C04F79EFBC}") = "Rental.Core.Tests", "Rental.Core.Tests\Rental.Core.Tests.csproj", "{FC348685-D1B2-4134-BEC1-14FA6153B83A}"
EndProject
Global
	GlobalSection(SolutionConfigurationPlatforms) = preSolution
		Debug|Any CPU = Debug|Any CPU
		Release|Any CPU = Release|Any CPU
	EndGlobalSection
	GlobalSection(ProjectConfigurationPlatforms) = postSolution
		{C9A7B4B7-EFA3-4D71-A196-D19B20EF0C92}.Debug|Any CPU.ActiveCfg = Debug|Any CPU
		{C9A7B4B7-EFA3-4D71-A196-D19B20EF0C92}.Debug|Any CPU.Build.0 = Debug|Any CPU
		{C9A7B4B7-EFA3-4D71-A196-D19B20EF0C92}.Release|Any CPU.ActiveCfg = Release|Any CPU
		{C9A7B4B7-EFA3-4D71-A196-D19B20EF0C92}.Release|Any CPU.Build.0 = Release|Any CPU
		{14D1A0EE-3EF6-4226-8B2B-40A219ED1D06}.Debug|Any CPU.ActiveCfg = Debug|Any CPU
		{14D1A0EE-3EF6-4226-8B2B-40A219ED1D06}.Debug|Any CPU.Build.0 = Debug|Any CPU
		{14D1A0EE-3EF6-4226-8B2B-40A219ED1D06}.Release|Any CPU.ActiveCfg = Release|Any CPU
		{14D1A0EE-3EF6-4226-8B2B-40A219ED1D06}.Release|Any CPU.Build.0 = Release|Any CPU
		{6959C936-DF0C-4267-B7CF-9352695761D0}.Debug|Any CPU.ActiveCfg = Debug|Any CPU
		{6959C936-DF0C-4267-B7CF-9352695761D0}.Debug|Any CPU.Build.0 = Debug|Any CPU
		{6959C936-DF0C-4267-B7CF-9352695761D0}.Release|Any CPU.ActiveCfg = Release|Any CPU
		{6959C936-DF0C-4267-B7CF-9352695761D0}.Release|Any CPU.Build.0 = Release|Any CPU
		{019AA7BD-7578-47D6-BC98-AFD1E3B53AF9}.Debug|Any CPU.ActiveCfg = Debug|Any CPU
		{019AA7BD-7578-47D6-BC98-AFD1E3B53AF9}.Debug|Any CPU.Build.0 = Debug|Any CPU
		{019AA7BD-7578-47D6-BC98-AFD1E3B53AF9}.Release|Any CPU.ActiveCfg = Release|Any CPU
		{019AA7BD-7578-47D6-BC98-AFD1E3B53AF9}.Release|Any CPU.Build.0 = Release|Any CPU
		{4DC65A84-6A16-4CDA-8925-1146D0E97F24}.Debug|Any CPU.ActiveCfg = Debug|Any CPU
		{4DC65A84-6A16-4CDA-8925-1146D0E97F24}.Debug|Any CPU.Build.0 = Debug|Any CPU
		{4DC65A84-6A16-4CDA-8925-1146D0E97F24}.Release|Any CPU.ActiveCfg = Release|Any CPU
		{4DC65A84-6A16-4CDA-8925-1146D0E97F24}.Release|Any CPU.Build.0 = Release|Any CPU
		{7A0F889B-00D5-4F6F-BFBD-D8EA0F7207FE}.Debug|Any CPU.ActiveCfg = Debug|Any CPU
		{7A0F889B-00D5-4F6F-BFBD-D8EA0F7207FE}.Debug|Any CPU.Build.0 = Debug|Any CPU
		{7A0F889B-00D5-4F6F-BFBD-D8EA0F7207FE}.Release|Any CPU.ActiveCfg = Release|Any CPU
		{7A0F889B-00D5-4F6F-BFBD-D8EA0F7207FE}.Release|Any CPU.Build.0 = Release|Any CPU
		{FC348685-D1B2-4134-BEC1-14FA6153B83A}.Debug|Any CPU.ActiveCfg = Debug|Any CPU
		{FC348685-D1B2-4134-BEC1-14FA6153B83A}.Debug|Any CPU.Build.0 = Debug|Any CPU
		{FC348685-D1B2-4134-BEC1-14FA6153B83A}.Release|Any CPU.ActiveCfg = Release|Any CPU
		{FC348685-D1B2-4134-BEC1-14FA6153B83A}.Release|Any CPU.Build.0 = Release|Any CPU
	EndGlobalSection
	GlobalSection(SolutionProperties) = preSolution
		HideSolutionNode = FALSE
	EndGlobalSection
	GlobalSection(NestedProjects) = preSolution
		{4DC65A84-6A16-4CDA-8925-1146D0E97F24} = {53B68C94-BAC8-4F33-8936-0B1EF6ED677F}
		{7A0F889B-00D5-4F6F-BFBD-D8EA0F7207FE} = {E8024DBB-5DCF-43EB-92E5-257A157BF2F1}
		{FC348685-D1B2-4134-BEC1-14FA6153B83A} = {53B68C94-BAC8-4F33-8936-0B1EF6ED677F}
	EndGlobalSection
	GlobalSection(ExtensibilityGlobals) = postSolution
		SolutionGuid = {D42F6D98-4BE2-4655-B212-708B3604F5DC}
	EndGlobalSection
EndGlobal
